
Microsoft Visual Studio Solution File, Format Version 12.00
# Visual Studio 15
VisualStudioVersion = 15.0.28307.421
MinimumVisualStudioVersion = 10.0.40219.1
Project("{FAE04EC0-301F-11D3-BF4B-00C04F79EFBC}") = "Identity", "Identity\Identity.csproj", "{0F1C56F8-47F0-4A71-A11F-2B4428522ED9}"
EndProject
Project("{FAE04EC0-301F-11D3-BF4B-00C04F79EFBC}") = "API", "API\API.csproj", "{C515D2D4-CCB1-4646-9E9B-EE5388CD95EE}"
EndProject
Project("{FAE04EC0-301F-11D3-BF4B-00C04F79EFBC}") = "WebClient", "WebClient\WebClient.csproj", "{7B3473F5-845C-4D90-897D-7B93E3359224}"
EndProject
Global
	GlobalSection(SolutionConfigurationPlatforms) = preSolution
		Debug|Any CPU = Debug|Any CPU
		Release|Any CPU = Release|Any CPU
	EndGlobalSection
	GlobalSection(ProjectConfigurationPlatforms) = postSolution
		{0F1C56F8-47F0-4A71-A11F-2B4428522ED9}.Debug|Any CPU.ActiveCfg = Debug|Any CPU
		{0F1C56F8-47F0-4A71-A11F-2B4428522ED9}.Debug|Any CPU.Build.0 = Debug|Any CPU
		{0F1C56F8-47F0-4A71-A11F-2B4428522ED9}.Release|Any CPU.ActiveCfg = Release|Any CPU
		{0F1C56F8-47F0-4A71-A11F-2B4428522ED9}.Release|Any CPU.Build.0 = Release|Any CPU
		{C515D2D4-CCB1-4646-9E9B-EE5388CD95EE}.Debug|Any CPU.ActiveCfg = Debug|Any CPU
		{C515D2D4-CCB1-4646-9E9B-EE5388CD95EE}.Debug|Any CPU.Build.0 = Debug|Any CPU
		{C515D2D4-CCB1-4646-9E9B-EE5388CD95EE}.Release|Any CPU.ActiveCfg = Release|Any CPU
		{C515D2D4-CCB1-4646-9E9B-EE5388CD95EE}.Release|Any CPU.Build.0 = Release|Any CPU
		{7B3473F5-845C-4D90-897D-7B93E3359224}.Debug|Any CPU.ActiveCfg = Debug|Any CPU
		{7B3473F5-845C-4D90-897D-7B93E3359224}.Debug|Any CPU.Build.0 = Debug|Any CPU
		{7B3473F5-845C-4D90-897D-7B93E3359224}.Release|Any CPU.ActiveCfg = Release|Any CPU
		{7B3473F5-845C-4D90-897D-7B93E3359224}.Release|Any CPU.Build.0 = Release|Any CPU
	EndGlobalSection
	GlobalSection(SolutionProperties) = preSolution
		HideSolutionNode = FALSE
	EndGlobalSection
	GlobalSection(ExtensibilityGlobals) = postSolution
		SolutionGuid = {79D7DF47-4D0C-41A0-8867-59D4F0C366F7}
	EndGlobalSection
EndGlobal
